
Microsoft Visual Studio Solution File, Format Version 12.00
# Visual Studio Version 17
VisualStudioVersion = 17.5.33530.505
MinimumVisualStudioVersion = 10.0.40219.1
Project("{9A19103F-16F7-4668-BE54-9A1E7A4F7556}") = "SpeechServices", "SpeechServices\SpeechServices.csproj", "{1315C7A0-58BD-4720-B893-A75A7E9AC9AD}"
EndProject
Project("{FAE04EC0-301F-11D3-BF4B-00C04F79EFBC}") = "SpeechBlazor", "SpeechBlazor\SpeechBlazor\SpeechBlazor.csproj", "{54F0E6AF-0048-409B-8616-B3468A59A8A8}"
EndProject
Project("{FAE04EC0-301F-11D3-BF4B-00C04F79EFBC}") = "SpeechBlazor.Client", "SpeechBlazor\SpeechBlazor.Client\SpeechBlazor.Client.csproj", "{917B2E2C-07ED-4B39-9EED-5B18744C45B6}"
EndProject
Project("{FAE04EC0-301F-11D3-BF4B-00C04F79EFBC}") = "SpeechLibrary", "SpeechLibrary\SpeechLibrary.csproj", "{CDBDDCA0-EDCC-4064-B3BC-65EAC731AE69}"
EndProject
Global
	GlobalSection(SolutionConfigurationPlatforms) = preSolution
		Debug|Any CPU = Debug|Any CPU
		Release|Any CPU = Release|Any CPU
	EndGlobalSection
	GlobalSection(ProjectConfigurationPlatforms) = postSolution
		{1315C7A0-58BD-4720-B893-A75A7E9AC9AD}.Debug|Any CPU.ActiveCfg = Debug|Any CPU
		{1315C7A0-58BD-4720-B893-A75A7E9AC9AD}.Debug|Any CPU.Build.0 = Debug|Any CPU
		{1315C7A0-58BD-4720-B893-A75A7E9AC9AD}.Release|Any CPU.ActiveCfg = Release|Any CPU
		{1315C7A0-58BD-4720-B893-A75A7E9AC9AD}.Release|Any CPU.Build.0 = Release|Any CPU
		{54F0E6AF-0048-409B-8616-B3468A59A8A8}.Debug|Any CPU.ActiveCfg = Debug|Any CPU
		{54F0E6AF-0048-409B-8616-B3468A59A8A8}.Debug|Any CPU.Build.0 = Debug|Any CPU
		{54F0E6AF-0048-409B-8616-B3468A59A8A8}.Release|Any CPU.ActiveCfg = Release|Any CPU
		{54F0E6AF-0048-409B-8616-B3468A59A8A8}.Release|Any CPU.Build.0 = Release|Any CPU
		{917B2E2C-07ED-4B39-9EED-5B18744C45B6}.Debug|Any CPU.ActiveCfg = Debug|Any CPU
		{917B2E2C-07ED-4B39-9EED-5B18744C45B6}.Debug|Any CPU.Build.0 = Debug|Any CPU
		{917B2E2C-07ED-4B39-9EED-5B18744C45B6}.Release|Any CPU.ActiveCfg = Release|Any CPU
		{917B2E2C-07ED-4B39-9EED-5B18744C45B6}.Release|Any CPU.Build.0 = Release|Any CPU
		{CDBDDCA0-EDCC-4064-B3BC-65EAC731AE69}.Debug|Any CPU.ActiveCfg = Debug|Any CPU
		{CDBDDCA0-EDCC-4064-B3BC-65EAC731AE69}.Debug|Any CPU.Build.0 = Debug|Any CPU
		{CDBDDCA0-EDCC-4064-B3BC-65EAC731AE69}.Release|Any CPU.ActiveCfg = Release|Any CPU
		{CDBDDCA0-EDCC-4064-B3BC-65EAC731AE69}.Release|Any CPU.Build.0 = Release|Any CPU
	EndGlobalSection
	GlobalSection(SolutionProperties) = preSolution
		HideSolutionNode = FALSE
	EndGlobalSection
	GlobalSection(ExtensibilityGlobals) = postSolution
		SolutionGuid = {9AC7493D-2433-4BB2-9313-B40C3AF417D1}
	EndGlobalSection
EndGlobal
